{
  "name": "watchpiler",
  "version": "1.0.0",
  "lockfileVersion": 2,
  "requires": true,
  "packages": {
    "": {
      "name": "watchpiler",
      "version": "1.0.0",
      "license": "GPL-3.0",
      "dependencies": {
        "nodtilus": "^0.0.9",
        "shellmin": "^0.0.7"
      },
      "bin": {
        "watchpiler": "index.js"
      },
      "devDependencies": {
        "@types/node": "^18.0.0"
      }
    },
    "node_modules/@types/node": {
      "version": "18.0.0",
      "resolved": "https://registry.npmjs.org/@types/node/-/node-18.0.0.tgz",
      "integrity": "sha512-cHlGmko4gWLVI27cGJntjs/Sj8th9aYwplmZFwmmgYQQvL5NUsgVJG7OddLvNfLqYS31KFN0s3qlaD9qCaxACA==",
      "dev": true
    },
    "node_modules/nodtilus": {
      "version": "0.0.9",
      "resolved": "https://registry.npmjs.org/nodtilus/-/nodtilus-0.0.9.tgz",
      "integrity": "sha512-YKmgQvzUrt+5Cd59i88l5URcrs1sQ758dh0tCGvfs4OdGPs6E9JVWZcsj4aClSk81Yhn5Q0qGLH7Y8joH6mq9A=="
    },
    "node_modules/shellmin": {
      "version": "0.0.7",
      "resolved": "https://registry.npmjs.org/shellmin/-/shellmin-0.0.7.tgz",
      "integrity": "sha512-WbGYko1wrQZSUq+Fzqg/ShYhxG+i/NK5bft1p27HPn7yw1GxoW7kkJuPJS96EoL7TGxRzeN33qdqXHZQ0shfWg==",
      "dependencies": {
        "nodtilus": "^0.0.9"
      }
    }
  },
  "dependencies": {
    "@types/node": {
      "version": "18.0.0",
      "resolved": "https://registry.npmjs.org/@types/node/-/node-18.0.0.tgz",
      "integrity": "sha512-cHlGmko4gWLVI27cGJntjs/Sj8th9aYwplmZFwmmgYQQvL5NUsgVJG7OddLvNfLqYS31KFN0s3qlaD9qCaxACA==",
      "dev": true
    },
    "nodtilus": {
      "version": "0.0.9",
      "resolved": "https://registry.npmjs.org/nodtilus/-/nodtilus-0.0.9.tgz",
      "integrity": "sha512-YKmgQvzUrt+5Cd59i88l5URcrs1sQ758dh0tCGvfs4OdGPs6E9JVWZcsj4aClSk81Yhn5Q0qGLH7Y8joH6mq9A=="
    },
    "shellmin": {
      "version": "0.0.7",
      "resolved": "https://registry.npmjs.org/shellmin/-/shellmin-0.0.7.tgz",
      "integrity": "sha512-WbGYko1wrQZSUq+Fzqg/ShYhxG+i/NK5bft1p27HPn7yw1GxoW7kkJuPJS96EoL7TGxRzeN33qdqXHZQ0shfWg==",
      "requires": {
        "nodtilus": "^0.0.9"
      }
    }
  }
}
